
Microsoft Visual Studio Solution File, Format Version 12.00
# Visual Studio 2013
VisualStudioVersion = 12.0.31101.0
MinimumVisualStudioVersion = 10.0.40219.1
Project("{FAE04EC0-301F-11D3-BF4B-00C04F79EFBC}") = "Rations4Animals_MVC", "Rations4Animals_MVC\Rations4Animals_MVC.csproj", "{2A8E369C-8F9A-4D76-B9B1-505189DAB310}"
EndProject
Project("{FAE04EC0-301F-11D3-BF4B-00C04F79EFBC}") = "Run", "Changer\Run.csproj", "{3E8025DD-5CEA-4F3B-A3FA-599DBF4CD301}"
EndProject
Project("{FAE04EC0-301F-11D3-BF4B-00C04F79EFBC}") = "ConsoleTest", "ConsoleTest\ConsoleTest.csproj", "{612B7186-9104-4FD3-884F-26E880A8EAC8}"
EndProject
Global
	GlobalSection(SolutionConfigurationPlatforms) = preSolution
		Debug|Any CPU = Debug|Any CPU
		Release|Any CPU = Release|Any CPU
	EndGlobalSection
	GlobalSection(ProjectConfigurationPlatforms) = postSolution
		{2A8E369C-8F9A-4D76-B9B1-505189DAB310}.Debug|Any CPU.ActiveCfg = Debug|Any CPU
		{2A8E369C-8F9A-4D76-B9B1-505189DAB310}.Debug|Any CPU.Build.0 = Debug|Any CPU
		{2A8E369C-8F9A-4D76-B9B1-505189DAB310}.Release|Any CPU.ActiveCfg = Release|Any CPU
		{2A8E369C-8F9A-4D76-B9B1-505189DAB310}.Release|Any CPU.Build.0 = Release|Any CPU
		{3E8025DD-5CEA-4F3B-A3FA-599DBF4CD301}.Debug|Any CPU.ActiveCfg = Debug|Any CPU
		{3E8025DD-5CEA-4F3B-A3FA-599DBF4CD301}.Debug|Any CPU.Build.0 = Debug|Any CPU
		{3E8025DD-5CEA-4F3B-A3FA-599DBF4CD301}.Release|Any CPU.ActiveCfg = Release|Any CPU
		{3E8025DD-5CEA-4F3B-A3FA-599DBF4CD301}.Release|Any CPU.Build.0 = Release|Any CPU
		{612B7186-9104-4FD3-884F-26E880A8EAC8}.Debug|Any CPU.ActiveCfg = Debug|Any CPU
		{612B7186-9104-4FD3-884F-26E880A8EAC8}.Debug|Any CPU.Build.0 = Debug|Any CPU
		{612B7186-9104-4FD3-884F-26E880A8EAC8}.Release|Any CPU.ActiveCfg = Release|Any CPU
		{612B7186-9104-4FD3-884F-26E880A8EAC8}.Release|Any CPU.Build.0 = Release|Any CPU
	EndGlobalSection
	GlobalSection(SolutionProperties) = preSolution
		HideSolutionNode = FALSE
	EndGlobalSection
EndGlobal
